
Microsoft Visual Studio Solution File, Format Version 12.00
# Visual Studio Version 16
VisualStudioVersion = 16.0.30225.117
MinimumVisualStudioVersion = 10.0.40219.1
Project("{FAE04EC0-301F-11D3-BF4B-00C04F79EFBC}") = "Lab 15.2 Creating A Rest API", "Lab 15.2 Creating A Rest API\Lab 15.2 Creating A Rest API.csproj", "{15B5D2CE-F0C7-45EB-AFFF-906653C067BF}"
EndProject
Global
	GlobalSection(SolutionConfigurationPlatforms) = preSolution
		Debug|Any CPU = Debug|Any CPU
		Release|Any CPU = Release|Any CPU
	EndGlobalSection
	GlobalSection(ProjectConfigurationPlatforms) = postSolution
		{15B5D2CE-F0C7-45EB-AFFF-906653C067BF}.Debug|Any CPU.ActiveCfg = Debug|Any CPU
		{15B5D2CE-F0C7-45EB-AFFF-906653C067BF}.Debug|Any CPU.Build.0 = Debug|Any CPU
		{15B5D2CE-F0C7-45EB-AFFF-906653C067BF}.Release|Any CPU.ActiveCfg = Release|Any CPU
		{15B5D2CE-F0C7-45EB-AFFF-906653C067BF}.Release|Any CPU.Build.0 = Release|Any CPU
	EndGlobalSection
	GlobalSection(SolutionProperties) = preSolution
		HideSolutionNode = FALSE
	EndGlobalSection
	GlobalSection(ExtensibilityGlobals) = postSolution
		SolutionGuid = {26EB84C3-4717-48DA-BD69-98FF94717B6D}
	EndGlobalSection
EndGlobal
